{
  "name": "ai-ecommerce-backend-simple",
  "version": "1.0.0",
  "lockfileVersion": 3,
  "requires": true,
  "dependencies": {
    "bcryptjs": "^2.4.3",
    "cors": "^2.8.5",
    "express": "^4.21.2",
    "jsonwebtoken": "^9.0.2",
    "sqlite3": "^5.1.7"
  },
  "devDependencies": {
    "nodemon": "^3.1.10"
  },
  "packages": {
    "bcryptjs": {
      "version": "2.4.3"
    },
    "cors": {
      "version": "2.8.5"
    },
    "express": {
      "version": "4.21.2"
    },
    "jsonwebtoken": {
      "version": "9.0.2"
    },
    "sqlite3": {
      "version": "5.1.7"
    },
    "nodemon": {
      "version": "3.1.10"
    }
    // ...other packages can be added as needed
  }
}
